// !$*UTF8*$!
{
	archiveVersion = 1;
	classes = {
	};
	objectVersion = 55;
	objects = {

/* Begin PBXBuildFile section */
		D668C34E29283670001FC63B /* NotaFitApp.swift in Sources */ = {isa = PBXBuildFile; fileRef = D668C34D29283670001FC63B /* NotaFitApp.swift */; };
		D668C35029283670001FC63B /* ContentView.swift in Sources */ = {isa = PBXBuildFile; fileRef = D668C34F29283670001FC63B /* ContentView.swift */; };
		D668C35229283676001FC63B /* Assets.xcassets in Resources */ = {isa = PBXBuildFile; fileRef = D668C35129283676001FC63B /* Assets.xcassets */; };
		D668C35529283676001FC63B /* Preview Assets.xcassets in Resources */ = {isa = PBXBuildFile; fileRef = D668C35429283676001FC63B /* Preview Assets.xcassets */; };
		D668C35F29283676001FC63B /* NotaFitTests.swift in Sources */ = {isa = PBXBuildFile; fileRef = D668C35E29283676001FC63B /* NotaFitTests.swift */; };
		D668C36929283676001FC63B /* NotaFitUITests.swift in Sources */ = {isa = PBXBuildFile; fileRef = D668C36829283676001FC63B /* NotaFitUITests.swift */; };
		D668C36B29283676001FC63B /* NotaFitUITestsLaunchTests.swift in Sources */ = {isa = PBXBuildFile; fileRef = D668C36A29283676001FC63B /* NotaFitUITestsLaunchTests.swift */; };
		D668C37829283C99001FC63B /* Extensions.swift in Sources */ = {isa = PBXBuildFile; fileRef = D668C37729283C99001FC63B /* Extensions.swift */; };
		D668C37B2928448C001FC63B /* Home.swift in Sources */ = {isa = PBXBuildFile; fileRef = D668C37A2928448C001FC63B /* Home.swift */; };
		D668C37D29284499001FC63B /* Calendar.swift in Sources */ = {isa = PBXBuildFile; fileRef = D668C37C29284499001FC63B /* Calendar.swift */; };
		D668C37F292844A2001FC63B /* Statistics.swift in Sources */ = {isa = PBXBuildFile; fileRef = D668C37E292844A2001FC63B /* Statistics.swift */; };
		D668C381292844AB001FC63B /* Profile.swift in Sources */ = {isa = PBXBuildFile; fileRef = D668C380292844AB001FC63B /* Profile.swift */; };
/* End PBXBuildFile section */

/* Begin PBXContainerItemProxy section */
		D668C35B29283676001FC63B /* PBXContainerItemProxy */ = {
			isa = PBXContainerItemProxy;
			containerPortal = D668C34229283670001FC63B /* Project object */;
			proxyType = 1;
			remoteGlobalIDString = D668C34929283670001FC63B;
			remoteInfo = NotaFit;
		};
		D668C36529283676001FC63B /* PBXContainerItemProxy */ = {
			isa = PBXContainerItemProxy;
			containerPortal = D668C34229283670001FC63B /* Project object */;
			proxyType = 1;
			remoteGlobalIDString = D668C34929283670001FC63B;
			remoteInfo = NotaFit;
		};
/* End PBXContainerItemProxy section */

/* Begin PBXFileReference section */
		D668C34A29283670001FC63B /* NotaFit.app */ = {isa = PBXFileReference; explicitFileType = wrapper.application; includeInIndex = 0; path = NotaFit.app; sourceTree = BUILT_PRODUCTS_DIR; };
		D668C34D29283670001FC63B /* NotaFitApp.swift */ = {isa = PBXFileReference; lastKnownFileType = sourcecode.swift; path = NotaFitApp.swift; sourceTree = "<group>"; };
		D668C34F29283670001FC63B /* ContentView.swift */ = {isa = PBXFileReference; lastKnownFileType = sourcecode.swift; path = ContentView.swift; sourceTree = "<group>"; };
		D668C35129283676001FC63B /* Assets.xcassets */ = {isa = PBXFileReference; lastKnownFileType = folder.assetcatalog; path = Assets.xcassets; sourceTree = "<group>"; };
		D668C35429283676001FC63B /* Preview Assets.xcassets */ = {isa = PBXFileReference; lastKnownFileType = folder.assetcatalog; path = "Preview Assets.xcassets"; sourceTree = "<group>"; };
		D668C35A29283676001FC63B /* NotaFitTests.xctest */ = {isa = PBXFileReference; explicitFileType = wrapper.cfbundle; includeInIndex = 0; path = NotaFitTests.xctest; sourceTree = BUILT_PRODUCTS_DIR; };
		D668C35E29283676001FC63B /* NotaFitTests.swift */ = {isa = PBXFileReference; lastKnownFileType = sourcecode.swift; path = NotaFitTests.swift; sourceTree = "<group>"; };
		D668C36429283676001FC63B /* NotaFitUITests.xctest */ = {isa = PBXFileReference; explicitFileType = wrapper.cfbundle; includeInIndex = 0; path = NotaFitUITests.xctest; sourceTree = BUILT_PRODUCTS_DIR; };
		D668C36829283676001FC63B /* NotaFitUITests.swift */ = {isa = PBXFileReference; lastKnownFileType = sourcecode.swift; path = NotaFitUITests.swift; sourceTree = "<group>"; };
		D668C36A29283676001FC63B /* NotaFitUITestsLaunchTests.swift */ = {isa = PBXFileReference; lastKnownFileType = sourcecode.swift; path = NotaFitUITestsLaunchTests.swift; sourceTree = "<group>"; };
		D668C37729283C99001FC63B /* Extensions.swift */ = {isa = PBXFileReference; lastKnownFileType = sourcecode.swift; path = Extensions.swift; sourceTree = "<group>"; };
		D668C37A2928448C001FC63B /* Home.swift */ = {isa = PBXFileReference; lastKnownFileType = sourcecode.swift; path = Home.swift; sourceTree = "<group>"; };
		D668C37C29284499001FC63B /* Calendar.swift */ = {isa = PBXFileReference; lastKnownFileType = sourcecode.swift; path = Calendar.swift; sourceTree = "<group>"; };
		D668C37E292844A2001FC63B /* Statistics.swift */ = {isa = PBXFileReference; lastKnownFileType = sourcecode.swift; path = Statistics.swift; sourceTree = "<group>"; };
		D668C380292844AB001FC63B /* Profile.swift */ = {isa = PBXFileReference; lastKnownFileType = sourcecode.swift; path = Profile.swift; sourceTree = "<group>"; };
/* End PBXFileReference section */

/* Begin PBXFrameworksBuildPhase section */
		D668C34729283670001FC63B /* Frameworks */ = {
			isa = PBXFrameworksBuildPhase;
			buildActionMask = 2147483647;
			files = (
			);
			runOnlyForDeploymentPostprocessing = 0;
		};
		D668C35729283676001FC63B /* Frameworks */ = {
			isa = PBXFrameworksBuildPhase;
			buildActionMask = 2147483647;
			files = (
			);
			runOnlyForDeploymentPostprocessing = 0;
		};
		D668C36129283676001FC63B /* Frameworks */ = {
			isa = PBXFrameworksBuildPhase;
			buildActionMask = 2147483647;
			files = (
			);
			runOnlyForDeploymentPostprocessing = 0;
		};
/* End PBXFrameworksBuildPhase section */

/* Begin PBXGroup section */
		D668C3412928366F001FC63B = {
			isa = PBXGroup;
			children = (
				D668C34C29283670001FC63B /* NotaFit */,
				D668C35D29283676001FC63B /* NotaFitTests */,
				D668C36729283676001FC63B /* NotaFitUITests */,
				D668C34B29283670001FC63B /* Products */,
			);
			sourceTree = "<group>";
		};
		D668C34B29283670001FC63B /* Products */ = {
			isa = PBXGroup;
			children = (
				D668C34A29283670001FC63B /* NotaFit.app */,
				D668C35A29283676001FC63B /* NotaFitTests.xctest */,
				D668C36429283676001FC63B /* NotaFitUITests.xctest */,
			);
			name = Products;
			sourceTree = "<group>";
		};
		D668C34C29283670001FC63B /* NotaFit */ = {
			isa = PBXGroup;
			children = (
				D668C3792928447E001FC63B /* Views */,
				D668C34D29283670001FC63B /* NotaFitApp.swift */,
				D668C34F29283670001FC63B /* ContentView.swift */,
				D668C37729283C99001FC63B /* Extensions.swift */,
				D668C35129283676001FC63B /* Assets.xcassets */,
				D668C35329283676001FC63B /* Preview Content */,
			);
			path = NotaFit;
			sourceTree = "<group>";
		};
		D668C35329283676001FC63B /* Preview Content */ = {
			isa = PBXGroup;
			children = (
				D668C35429283676001FC63B /* Preview Assets.xcassets */,
			);
			path = "Preview Content";
			sourceTree = "<group>";
		};
		D668C35D29283676001FC63B /* NotaFitTests */ = {
			isa = PBXGroup;
			children = (
				D668C35E29283676001FC63B /* NotaFitTests.swift */,
			);
			path = NotaFitTests;
			sourceTree = "<group>";
		};
		D668C36729283676001FC63B /* NotaFitUITests */ = {
			isa = PBXGroup;
			children = (
				D668C36829283676001FC63B /* NotaFitUITests.swift */,
				D668C36A29283676001FC63B /* NotaFitUITestsLaunchTests.swift */,
			);
			path = NotaFitUITests;
			sourceTree = "<group>";
		};
		D668C3792928447E001FC63B /* Views */ = {
			isa = PBXGroup;
			children = (
				D668C37A2928448C001FC63B /* Home.swift */,
				D668C37C29284499001FC63B /* Calendar.swift */,
				D668C37E292844A2001FC63B /* Statistics.swift */,
				D668C380292844AB001FC63B /* Profile.swift */,
			);
			path = Views;
			sourceTree = "<group>";
		};
/* End PBXGroup section */

/* Begin PBXNativeTarget section */
		D668C34929283670001FC63B /* NotaFit */ = {
			isa = PBXNativeTarget;
			buildConfigurationList = D668C36E29283677001FC63B /* Build configuration list for PBXNativeTarget "NotaFit" */;
			buildPhases = (
				D668C34629283670001FC63B /* Sources */,
				D668C34729283670001FC63B /* Frameworks */,
				D668C34829283670001FC63B /* Resources */,
			);
			buildRules = (
			);
			dependencies = (
			);
			name = NotaFit;
			productName = NotaFit;
			productReference = D668C34A29283670001FC63B /* NotaFit.app */;
			productType = "com.apple.product-type.application";
		};
		D668C35929283676001FC63B /* NotaFitTests */ = {
			isa = PBXNativeTarget;
			buildConfigurationList = D668C37129283677001FC63B /* Build configuration list for PBXNativeTarget "NotaFitTests" */;
			buildPhases = (
				D668C35629283676001FC63B /* Sources */,
				D668C35729283676001FC63B /* Frameworks */,
				D668C35829283676001FC63B /* Resources */,
			);
			buildRules = (
			);
			dependencies = (
				D668C35C29283676001FC63B /* PBXTargetDependency */,
			);
			name = NotaFitTests;
			productName = NotaFitTests;
			productReference = D668C35A29283676001FC63B /* NotaFitTests.xctest */;
			productType = "com.apple.product-type.bundle.unit-test";
		};
		D668C36329283676001FC63B /* NotaFitUITests */ = {
			isa = PBXNativeTarget;
			buildConfigurationList = D668C37429283677001FC63B /* Build configuration list for PBXNativeTarget "NotaFitUITests" */;
			buildPhases = (
				D668C36029283676001FC63B /* Sources */,
				D668C36129283676001FC63B /* Frameworks */,
				D668C36229283676001FC63B /* Resources */,
			);
			buildRules = (
			);
			dependencies = (
				D668C36629283676001FC63B /* PBXTargetDependency */,
			);
			name = NotaFitUITests;
			productName = NotaFitUITests;
			productReference = D668C36429283676001FC63B /* NotaFitUITests.xctest */;
			productType = "com.apple.product-type.bundle.ui-testing";
		};
/* End PBXNativeTarget section */

/* Begin PBXProject section */
		D668C34229283670001FC63B /* Project object */ = {
			isa = PBXProject;
			attributes = {
				BuildIndependentTargetsInParallel = 1;
				LastSwiftUpdateCheck = 1320;
				LastUpgradeCheck = 1320;
				TargetAttributes = {
					D668C34929283670001FC63B = {
						CreatedOnToolsVersion = 13.2.1;
					};
					D668C35929283676001FC63B = {
						CreatedOnToolsVersion = 13.2.1;
						TestTargetID = D668C34929283670001FC63B;
					};
					D668C36329283676001FC63B = {
						CreatedOnToolsVersion = 13.2.1;
						TestTargetID = D668C34929283670001FC63B;
					};
				};
			};
			buildConfigurationList = D668C34529283670001FC63B /* Build configuration list for PBXProject "NotaFit" */;
			compatibilityVersion = "Xcode 13.0";
			developmentRegion = en;
			hasScannedForEncodings = 0;
			knownRegions = (
				en,
				Base,
			);
			mainGroup = D668C3412928366F001FC63B;
			productRefGroup = D668C34B29283670001FC63B /* Products */;
			projectDirPath = "";
			projectRoot = "";
			targets = (
				D668C34929283670001FC63B /* NotaFit */,
				D668C35929283676001FC63B /* NotaFitTests */,
				D668C36329283676001FC63B /* NotaFitUITests */,
			);
		};
/* End PBXProject section */

/* Begin PBXResourcesBuildPhase section */
		D668C34829283670001FC63B /* Resources */ = {
			isa = PBXResourcesBuildPhase;
			buildActionMask = 2147483647;
			files = (
				D668C35529283676001FC63B /* Preview Assets.xcassets in Resources */,
				D668C35229283676001FC63B /* Assets.xcassets in Resources */,
			);
			runOnlyForDeploymentPostprocessing = 0;
		};
		D668C35829283676001FC63B /* Resources */ = {
			isa = PBXResourcesBuildPhase;
			buildActionMask = 2147483647;
			files = (
			);
			runOnlyForDeploymentPostprocessing = 0;
		};
		D668C36229283676001FC63B /* Resources */ = {
			isa = PBXResourcesBuildPhase;
			buildActionMask = 2147483647;
			files = (
			);
			runOnlyForDeploymentPostprocessing = 0;
		};
/* End PBXResourcesBuildPhase section */

/* Begin PBXSourcesBuildPhase section */
		D668C34629283670001FC63B /* Sources */ = {
			isa = PBXSourcesBuildPhase;
			buildActionMask = 2147483647;
			files = (
				D668C35029283670001FC63B /* ContentView.swift in Sources */,
				D668C37829283C99001FC63B /* Extensions.swift in Sources */,
				D668C37B2928448C001FC63B /* Home.swift in Sources */,
				D668C381292844AB001FC63B /* Profile.swift in Sources */,
				D668C34E29283670001FC63B /* NotaFitApp.swift in Sources */,
				D668C37F292844A2001FC63B /* Statistics.swift in Sources */,
				D668C37D29284499001FC63B /* Calendar.swift in Sources */,
			);
			runOnlyForDeploymentPostprocessing = 0;
		};
		D668C35629283676001FC63B /* Sources */ = {
			isa = PBXSourcesBuildPhase;
			buildActionMask = 2147483647;
			files = (
				D668C35F29283676001FC63B /* NotaFitTests.swift in Sources */,
			);
			runOnlyForDeploymentPostprocessing = 0;
		};
		D668C36029283676001FC63B /* Sources */ = {
			isa = PBXSourcesBuildPhase;
			buildActionMask = 2147483647;
			files = (
				D668C36B29283676001FC63B /* NotaFitUITestsLaunchTests.swift in Sources */,
				D668C36929283676001FC63B /* NotaFitUITests.swift in Sources */,
			);
			runOnlyForDeploymentPostprocessing = 0;
		};
/* End PBXSourcesBuildPhase section */

/* Begin PBXTargetDependency section */
		D668C35C29283676001FC63B /* PBXTargetDependency */ = {
			isa = PBXTargetDependency;
			target = D668C34929283670001FC63B /* NotaFit */;
			targetProxy = D668C35B29283676001FC63B /* PBXContainerItemProxy */;
		};
		D668C36629283676001FC63B /* PBXTargetDependency */ = {
			isa = PBXTargetDependency;
			target = D668C34929283670001FC63B /* NotaFit */;
			targetProxy = D668C36529283676001FC63B /* PBXContainerItemProxy */;
		};
/* End PBXTargetDependency section */

/* Begin XCBuildConfiguration section */
		D668C36C29283676001FC63B /* Debug */ = {
			isa = XCBuildConfiguration;
			buildSettings = {
				ALWAYS_SEARCH_USER_PATHS = NO;
				CLANG_ANALYZER_NONNULL = YES;
				CLANG_ANALYZER_NUMBER_OBJECT_CONVERSION = YES_AGGRESSIVE;
				CLANG_CXX_LANGUAGE_STANDARD = "gnu++17";
				CLANG_CXX_LIBRARY = "libc++";
				CLANG_ENABLE_MODULES = YES;
				CLANG_ENABLE_OBJC_ARC = YES;
				CLANG_ENABLE_OBJC_WEAK = YES;
				CLANG_WARN_BLOCK_CAPTURE_AUTORELEASING = YES;
				CLANG_WARN_BOOL_CONVERSION = YES;
				CLANG_WARN_COMMA = YES;
				CLANG_WARN_CONSTANT_CONVERSION = YES;
				CLANG_WARN_DEPRECATED_OBJC_IMPLEMENTATIONS = YES;
				CLANG_WARN_DIRECT_OBJC_ISA_USAGE = YES_ERROR;
				CLANG_WARN_DOCUMENTATION_COMMENTS = YES;
				CLANG_WARN_EMPTY_BODY = YES;
				CLANG_WARN_ENUM_CONVERSION = YES;
				CLANG_WARN_INFINITE_RECURSION = YES;
				CLANG_WARN_INT_CONVERSION = YES;
				CLANG_WARN_NON_LITERAL_NULL_CONVERSION = YES;
				CLANG_WARN_OBJC_IMPLICIT_RETAIN_SELF = YES;
				CLANG_WARN_OBJC_LITERAL_CONVERSION = YES;
				CLANG_WARN_OBJC_ROOT_CLASS = YES_ERROR;
				CLANG_WARN_QUOTED_INCLUDE_IN_FRAMEWORK_HEADER = YES;
				CLANG_WARN_RANGE_LOOP_ANALYSIS = YES;
				CLANG_WARN_STRICT_PROTOTYPES = YES;
				CLANG_WARN_SUSPICIOUS_MOVE = YES;
				CLANG_WARN_UNGUARDED_AVAILABILITY = YES_AGGRESSIVE;
				CLANG_WARN_UNREACHABLE_CODE = YES;
				CLANG_WARN__DUPLICATE_METHOD_MATCH = YES;
				COPY_PHASE_STRIP = NO;
				DEBUG_INFORMATION_FORMAT = dwarf;
				ENABLE_STRICT_OBJC_MSGSEND = YES;
				ENABLE_TESTABILITY = YES;
				GCC_C_LANGUAGE_STANDARD = gnu11;
				GCC_DYNAMIC_NO_PIC = NO;
				GCC_NO_COMMON_BLOCKS = YES;
				GCC_OPTIMIZATION_LEVEL = 0;
				GCC_PREPROCESSOR_DEFINITIONS = (
					"DEBUG=1",
					"$(inherited)",
				);
				GCC_WARN_64_TO_32_BIT_CONVERSION = YES;
				GCC_WARN_ABOUT_RETURN_TYPE = YES_ERROR;
				GCC_WARN_UNDECLARED_SELECTOR = YES;
				GCC_WARN_UNINITIALIZED_AUTOS = YES_AGGRESSIVE;
				GCC_WARN_UNUSED_FUNCTION = YES;
				GCC_WARN_UNUSED_VARIABLE = YES;
				IPHONEOS_DEPLOYMENT_TARGET = 15.2;
				MTL_ENABLE_DEBUG_INFO = INCLUDE_SOURCE;
				MTL_FAST_MATH = YES;
				ONLY_ACTIVE_ARCH = YES;
				SDKROOT = iphoneos;
				SWIFT_ACTIVE_COMPILATION_CONDITIONS = DEBUG;
				SWIFT_OPTIMIZATION_LEVEL = "-Onone";
			};
			name = Debug;
		};
		D668C36D29283676001FC63B /* Release */ = {
			isa = XCBuildConfiguration;
			buildSettings = {
				ALWAYS_SEARCH_USER_PATHS = NO;
				CLANG_ANALYZER_NONNULL = YES;
				CLANG_ANALYZER_NUMBER_OBJECT_CONVERSION = YES_AGGRESSIVE;
				CLANG_CXX_LANGUAGE_STANDARD = "gnu++17";
				CLANG_CXX_LIBRARY = "libc++";
				CLANG_ENABLE_MODULES = YES;
				CLANG_ENABLE_OBJC_ARC = YES;
				CLANG_ENABLE_OBJC_WEAK = YES;
				CLANG_WARN_BLOCK_CAPTURE_AUTORELEASING = YES;
				CLANG_WARN_BOOL_CONVERSION = YES;
				CLANG_WARN_COMMA = YES;
				CLANG_WARN_CONSTANT_CONVERSION = YES;
				CLANG_WARN_DEPRECATED_OBJC_IMPLEMENTATIONS = YES;
				CLANG_WARN_DIRECT_OBJC_ISA_USAGE = YES_ERROR;
				CLANG_WARN_DOCUMENTATION_COMMENTS = YES;
				CLANG_WARN_EMPTY_BODY = YES;
				CLANG_WARN_ENUM_CONVERSION = YES;
				CLANG_WARN_INFINITE_RECURSION = YES;
				CLANG_WARN_INT_CONVERSION = YES;
				CLANG_WARN_NON_LITERAL_NULL_CONVERSION = YES;
				CLANG_WARN_OBJC_IMPLICIT_RETAIN_SELF = YES;
				CLANG_WARN_OBJC_LITERAL_CONVERSION = YES;
				CLANG_WARN_OBJC_ROOT_CLASS = YES_ERROR;
				CLANG_WARN_QUOTED_INCLUDE_IN_FRAMEWORK_HEADER = YES;
				CLANG_WARN_RANGE_LOOP_ANALYSIS = YES;
				CLANG_WARN_STRICT_PROTOTYPES = YES;
				CLANG_WARN_SUSPICIOUS_MOVE = YES;
				CLANG_WARN_UNGUARDED_AVAILABILITY = YES_AGGRESSIVE;
				CLANG_WARN_UNREACHABLE_CODE = YES;
				CLANG_WARN__DUPLICATE_METHOD_MATCH = YES;
				COPY_PHASE_STRIP = NO;
				DEBUG_INFORMATION_FORMAT = "dwarf-with-dsym";
				ENABLE_NS_ASSERTIONS = NO;
				ENABLE_STRICT_OBJC_MSGSEND = YES;
				GCC_C_LANGUAGE_STANDARD = gnu11;
				GCC_NO_COMMON_BLOCKS = YES;
				GCC_WARN_64_TO_32_BIT_CONVERSION = YES;
				GCC_WARN_ABOUT_RETURN_TYPE = YES_ERROR;
				GCC_WARN_UNDECLARED_SELECTOR = YES;
				GCC_WARN_UNINITIALIZED_AUTOS = YES_AGGRESSIVE;
				GCC_WARN_UNUSED_FUNCTION = YES;
				GCC_WARN_UNUSED_VARIABLE = YES;
				IPHONEOS_DEPLOYMENT_TARGET = 15.2;
				MTL_ENABLE_DEBUG_INFO = NO;
				MTL_FAST_MATH = YES;
				SDKROOT = iphoneos;
				SWIFT_COMPILATION_MODE = wholemodule;
				SWIFT_OPTIMIZATION_LEVEL = "-O";
				VALIDATE_PRODUCT = YES;
			};
			name = Release;
		};
		D668C36F29283677001FC63B /* Debug */ = {
			isa = XCBuildConfiguration;
			buildSettings = {
				ASSETCATALOG_COMPILER_APPICON_NAME = AppIcon;
				ASSETCATALOG_COMPILER_GLOBAL_ACCENT_COLOR_NAME = AccentColor;
				CODE_SIGN_STYLE = Automatic;
				CURRENT_PROJECT_VERSION = 1;
				DEVELOPMENT_ASSET_PATHS = "\"NotaFit/Preview Content\"";
				ENABLE_PREVIEWS = YES;
				GENERATE_INFOPLIST_FILE = YES;
				INFOPLIST_KEY_UIApplicationSceneManifest_Generation = YES;
				INFOPLIST_KEY_UIApplicationSupportsIndirectInputEvents = YES;
				INFOPLIST_KEY_UILaunchScreen_Generation = YES;
				INFOPLIST_KEY_UISupportedInterfaceOrientations_iPad = "UIInterfaceOrientationPortrait UIInterfaceOrientationPortraitUpsideDown UIInterfaceOrientationLandscapeLeft UIInterfaceOrientationLandscapeRight";
				INFOPLIST_KEY_UISupportedInterfaceOrientations_iPhone = "UIInterfaceOrientationPortrait UIInterfaceOrientationLandscapeLeft UIInterfaceOrientationLandscapeRight";
				LD_RUNPATH_SEARCH_PATHS = (
					"$(inherited)",
					"@executable_path/Frameworks",
				);
				MARKETING_VERSION = 1.0;
				PRODUCT_BUNDLE_IDENTIFIER = ajtadeo.NotaFit;
				PRODUCT_NAME = "$(TARGET_NAME)";
				SWIFT_EMIT_LOC_STRINGS = YES;
				SWIFT_VERSION = 5.0;
				TARGETED_DEVICE_FAMILY = "1,2";
			};
			name = Debug;
		};
		D668C37029283677001FC63B /* Release */ = {
			isa = XCBuildConfiguration;
			buildSettings = {
				ASSETCATALOG_COMPILER_APPICON_NAME = AppIcon;
				ASSETCATALOG_COMPILER_GLOBAL_ACCENT_COLOR_NAME = AccentColor;
				CODE_SIGN_STYLE = Automatic;
				CURRENT_PROJECT_VERSION = 1;
				DEVELOPMENT_ASSET_PATHS = "\"NotaFit/Preview Content\"";
				ENABLE_PREVIEWS = YES;
				GENERATE_INFOPLIST_FILE = YES;
				INFOPLIST_KEY_UIApplicationSceneManifest_Generation = YES;
				INFOPLIST_KEY_UIApplicationSupportsIndirectInputEvents = YES;
				INFOPLIST_KEY_UILaunchScreen_Generation = YES;
				INFOPLIST_KEY_UISupportedInterfaceOrientations_iPad = "UIInterfaceOrientationPortrait UIInterfaceOrientationPortraitUpsideDown UIInterfaceOrientationLandscapeLeft UIInterfaceOrientationLandscapeRight";
				INFOPLIST_KEY_UISupportedInterfaceOrientations_iPhone = "UIInterfaceOrientationPortrait UIInterfaceOrientationLandscapeLeft UIInterfaceOrientationLandscapeRight";
				LD_RUNPATH_SEARCH_PATHS = (
					"$(inherited)",
					"@executable_path/Frameworks",
				);
				MARKETING_VERSION = 1.0;
				PRODUCT_BUNDLE_IDENTIFIER = ajtadeo.NotaFit;
				PRODUCT_NAME = "$(TARGET_NAME)";
				SWIFT_EMIT_LOC_STRINGS = YES;
				SWIFT_VERSION = 5.0;
				TARGETED_DEVICE_FAMILY = "1,2";
			};
			name = Release;
		};
		D668C37229283677001FC63B /* Debug */ = {
			isa = XCBuildConfiguration;
			buildSettings = {
				ALWAYS_EMBED_SWIFT_STANDARD_LIBRARIES = YES;
				BUNDLE_LOADER = "$(TEST_HOST)";
				CODE_SIGN_STYLE = Automatic;
				CURRENT_PROJECT_VERSION = 1;
				GENERATE_INFOPLIST_FILE = YES;
				IPHONEOS_DEPLOYMENT_TARGET = 15.2;
				MARKETING_VERSION = 1.0;
				PRODUCT_BUNDLE_IDENTIFIER = ajtadeo.NotaFitTests;
				PRODUCT_NAME = "$(TARGET_NAME)";
				SWIFT_EMIT_LOC_STRINGS = NO;
				SWIFT_VERSION = 5.0;
				TARGETED_DEVICE_FAMILY = "1,2";
				TEST_HOST = "$(BUILT_PRODUCTS_DIR)/NotaFit.app/NotaFit";
			};
			name = Debug;
		};
		D668C37329283677001FC63B /* Release */ = {
			isa = XCBuildConfiguration;
			buildSettings = {
				ALWAYS_EMBED_SWIFT_STANDARD_LIBRARIES = YES;
				BUNDLE_LOADER = "$(TEST_HOST)";
				CODE_SIGN_STYLE = Automatic;
				CURRENT_PROJECT_VERSION = 1;
				GENERATE_INFOPLIST_FILE = YES;
				IPHONEOS_DEPLOYMENT_TARGET = 15.2;
				MARKETING_VERSION = 1.0;
				PRODUCT_BUNDLE_IDENTIFIER = ajtadeo.NotaFitTests;
				PRODUCT_NAME = "$(TARGET_NAME)";
				SWIFT_EMIT_LOC_STRINGS = NO;
				SWIFT_VERSION = 5.0;
				TARGETED_DEVICE_FAMILY = "1,2";
				TEST_HOST = "$(BUILT_PRODUCTS_DIR)/NotaFit.app/NotaFit";
			};
			name = Release;
		};
		D668C37529283677001FC63B /* Debug */ = {
			isa = XCBuildConfiguration;
			buildSettings = {
				ALWAYS_EMBED_SWIFT_STANDARD_LIBRARIES = YES;
				CODE_SIGN_STYLE = Automatic;
				CURRENT_PROJECT_VERSION = 1;
				GENERATE_INFOPLIST_FILE = YES;
				MARKETING_VERSION = 1.0;
				PRODUCT_BUNDLE_IDENTIFIER = ajtadeo.NotaFitUITests;
				PRODUCT_NAME = "$(TARGET_NAME)";
				SWIFT_EMIT_LOC_STRINGS = NO;
				SWIFT_VERSION = 5.0;
				TARGETED_DEVICE_FAMILY = "1,2";
				TEST_TARGET_NAME = NotaFit;
			};
			name = Debug;
		};
		D668C37629283677001FC63B /* Release */ = {
			isa = XCBuildConfiguration;
			buildSettings = {
				ALWAYS_EMBED_SWIFT_STANDARD_LIBRARIES = YES;
				CODE_SIGN_STYLE = Automatic;
				CURRENT_PROJECT_VERSION = 1;
				GENERATE_INFOPLIST_FILE = YES;
				MARKETING_VERSION = 1.0;
				PRODUCT_BUNDLE_IDENTIFIER = ajtadeo.NotaFitUITests;
				PRODUCT_NAME = "$(TARGET_NAME)";
				SWIFT_EMIT_LOC_STRINGS = NO;
				SWIFT_VERSION = 5.0;
				TARGETED_DEVICE_FAMILY = "1,2";
				TEST_TARGET_NAME = NotaFit;
			};
			name = Release;
		};
/* End XCBuildConfiguration section */

/* Begin XCConfigurationList section */
		D668C34529283670001FC63B /* Build configuration list for PBXProject "NotaFit" */ = {
			isa = XCConfigurationList;
			buildConfigurations = (
				D668C36C29283676001FC63B /* Debug */,
				D668C36D29283676001FC63B /* Release */,
			);
			defaultConfigurationIsVisible = 0;
			defaultConfigurationName = Release;
		};
		D668C36E29283677001FC63B /* Build configuration list for PBXNativeTarget "NotaFit" */ = {
			isa = XCConfigurationList;
			buildConfigurations = (
				D668C36F29283677001FC63B /* Debug */,
				D668C37029283677001FC63B /* Release */,
			);
			defaultConfigurationIsVisible = 0;
			defaultConfigurationName = Release;
		};
		D668C37129283677001FC63B /* Build configuration list for PBXNativeTarget "NotaFitTests" */ = {
			isa = XCConfigurationList;
			buildConfigurations = (
				D668C37229283677001FC63B /* Debug */,
				D668C37329283677001FC63B /* Release */,
			);
			defaultConfigurationIsVisible = 0;
			defaultConfigurationName = Release;
		};
		D668C37429283677001FC63B /* Build configuration list for PBXNativeTarget "NotaFitUITests" */ = {
			isa = XCConfigurationList;
			buildConfigurations = (
				D668C37529283677001FC63B /* Debug */,
				D668C37629283677001FC63B /* Release */,
			);
			defaultConfigurationIsVisible = 0;
			defaultConfigurationName = Release;
		};
/* End XCConfigurationList section */
	};
	rootObject = D668C34229283670001FC63B /* Project object */;
}
